
Microsoft Visual Studio Solution File, Format Version 12.00
# Visual Studio 14
VisualStudioVersion = 14.0.23107.0
MinimumVisualStudioVersion = 10.0.40219.1
Project("{2150E333-8FDC-42A3-9474-1A3956D46DE8}") = "Model", "Model", "{AD7BFB69-E21E-4DA0-B939-4629511DD2D8}"
EndProject
Project("{2150E333-8FDC-42A3-9474-1A3956D46DE8}") = "UI", "UI", "{B6D0337B-39BA-4FAD-9143-8BC56750E7FE}"
EndProject
Project("{2150E333-8FDC-42A3-9474-1A3956D46DE8}") = "DAL", "DAL", "{C992E07C-085B-4727-BA2F-F45A68875CED}"
EndProject
Project("{2150E333-8FDC-42A3-9474-1A3956D46DE8}") = "BLL", "BLL", "{BF40971D-41B0-454B-B8EE-C88338BADF1F}"
EndProject
Project("{FAE04EC0-301F-11D3-BF4B-00C04F79EFBC}") = "Demo.Model", "Demo.Model\Demo.Model.csproj", "{EE892EF9-52D8-4A50-9A5D-33ADE26A6537}"
EndProject
Project("{FAE04EC0-301F-11D3-BF4B-00C04F79EFBC}") = "Demo.DAL", "Demo.DAL\Demo.DAL.csproj", "{2BA4B57D-04E5-4C66-B35A-F3CD4611BA5A}"
EndProject
Project("{FAE04EC0-301F-11D3-BF4B-00C04F79EFBC}") = "Demo.IDAL", "Demo.IDAL\Demo.IDAL.csproj", "{7DBD629B-6EA0-479F-8C52-BB7C576E21DE}"
EndProject
Project("{FAE04EC0-301F-11D3-BF4B-00C04F79EFBC}") = "Demo.IBLL", "Demo.IBLL\Demo.IBLL.csproj", "{4A535CF8-1D32-4A27-B864-0FCC9DD5DF82}"
EndProject
Project("{FAE04EC0-301F-11D3-BF4B-00C04F79EFBC}") = "Demo.BLL", "Demo.BLL\Demo.BLL.csproj", "{89CAEFF5-FD34-4645-B102-504C98BBF519}"
EndProject
Project("{FAE04EC0-301F-11D3-BF4B-00C04F79EFBC}") = "Demo.DALContainer", "Demo.DALContainer\Demo.DALContainer.csproj", "{E434F3AB-1013-4344-B5F6-03F6CAB0F2C8}"
EndProject
Project("{FAE04EC0-301F-11D3-BF4B-00C04F79EFBC}") = "Demo.BLLContainer", "Demo.BLLContainer\Demo.BLLContainer.csproj", "{3EC3AF7A-7691-4474-AEC0-0EF1323F6970}"
EndProject
Project("{FAE04EC0-301F-11D3-BF4B-00C04F79EFBC}") = "Demo.Web", "Demo.Web\Demo.Web.csproj", "{F568DB32-FE5F-4995-A938-9C3AC17A89BD}"
EndProject
Global
	GlobalSection(SolutionConfigurationPlatforms) = preSolution
		Debug|Any CPU = Debug|Any CPU
		Release|Any CPU = Release|Any CPU
	EndGlobalSection
	GlobalSection(ProjectConfigurationPlatforms) = postSolution
		{EE892EF9-52D8-4A50-9A5D-33ADE26A6537}.Debug|Any CPU.ActiveCfg = Debug|Any CPU
		{EE892EF9-52D8-4A50-9A5D-33ADE26A6537}.Debug|Any CPU.Build.0 = Debug|Any CPU
		{EE892EF9-52D8-4A50-9A5D-33ADE26A6537}.Release|Any CPU.ActiveCfg = Release|Any CPU
		{EE892EF9-52D8-4A50-9A5D-33ADE26A6537}.Release|Any CPU.Build.0 = Release|Any CPU
		{2BA4B57D-04E5-4C66-B35A-F3CD4611BA5A}.Debug|Any CPU.ActiveCfg = Debug|Any CPU
		{2BA4B57D-04E5-4C66-B35A-F3CD4611BA5A}.Debug|Any CPU.Build.0 = Debug|Any CPU
		{2BA4B57D-04E5-4C66-B35A-F3CD4611BA5A}.Release|Any CPU.ActiveCfg = Release|Any CPU
		{2BA4B57D-04E5-4C66-B35A-F3CD4611BA5A}.Release|Any CPU.Build.0 = Release|Any CPU
		{7DBD629B-6EA0-479F-8C52-BB7C576E21DE}.Debug|Any CPU.ActiveCfg = Debug|Any CPU
		{7DBD629B-6EA0-479F-8C52-BB7C576E21DE}.Debug|Any CPU.Build.0 = Debug|Any CPU
		{7DBD629B-6EA0-479F-8C52-BB7C576E21DE}.Release|Any CPU.ActiveCfg = Release|Any CPU
		{7DBD629B-6EA0-479F-8C52-BB7C576E21DE}.Release|Any CPU.Build.0 = Release|Any CPU
		{4A535CF8-1D32-4A27-B864-0FCC9DD5DF82}.Debug|Any CPU.ActiveCfg = Debug|Any CPU
		{4A535CF8-1D32-4A27-B864-0FCC9DD5DF82}.Debug|Any CPU.Build.0 = Debug|Any CPU
		{4A535CF8-1D32-4A27-B864-0FCC9DD5DF82}.Release|Any CPU.ActiveCfg = Release|Any CPU
		{4A535CF8-1D32-4A27-B864-0FCC9DD5DF82}.Release|Any CPU.Build.0 = Release|Any CPU
		{89CAEFF5-FD34-4645-B102-504C98BBF519}.Debug|Any CPU.ActiveCfg = Debug|Any CPU
		{89CAEFF5-FD34-4645-B102-504C98BBF519}.Debug|Any CPU.Build.0 = Debug|Any CPU
		{89CAEFF5-FD34-4645-B102-504C98BBF519}.Release|Any CPU.ActiveCfg = Release|Any CPU
		{89CAEFF5-FD34-4645-B102-504C98BBF519}.Release|Any CPU.Build.0 = Release|Any CPU
		{E434F3AB-1013-4344-B5F6-03F6CAB0F2C8}.Debug|Any CPU.ActiveCfg = Debug|Any CPU
		{E434F3AB-1013-4344-B5F6-03F6CAB0F2C8}.Debug|Any CPU.Build.0 = Debug|Any CPU
		{E434F3AB-1013-4344-B5F6-03F6CAB0F2C8}.Release|Any CPU.ActiveCfg = Release|Any CPU
		{E434F3AB-1013-4344-B5F6-03F6CAB0F2C8}.Release|Any CPU.Build.0 = Release|Any CPU
		{3EC3AF7A-7691-4474-AEC0-0EF1323F6970}.Debug|Any CPU.ActiveCfg = Debug|Any CPU
		{3EC3AF7A-7691-4474-AEC0-0EF1323F6970}.Debug|Any CPU.Build.0 = Debug|Any CPU
		{3EC3AF7A-7691-4474-AEC0-0EF1323F6970}.Release|Any CPU.ActiveCfg = Release|Any CPU
		{3EC3AF7A-7691-4474-AEC0-0EF1323F6970}.Release|Any CPU.Build.0 = Release|Any CPU
		{F568DB32-FE5F-4995-A938-9C3AC17A89BD}.Debug|Any CPU.ActiveCfg = Debug|Any CPU
		{F568DB32-FE5F-4995-A938-9C3AC17A89BD}.Debug|Any CPU.Build.0 = Debug|Any CPU
		{F568DB32-FE5F-4995-A938-9C3AC17A89BD}.Release|Any CPU.ActiveCfg = Release|Any CPU
		{F568DB32-FE5F-4995-A938-9C3AC17A89BD}.Release|Any CPU.Build.0 = Release|Any CPU
	EndGlobalSection
	GlobalSection(SolutionProperties) = preSolution
		HideSolutionNode = FALSE
	EndGlobalSection
	GlobalSection(NestedProjects) = preSolution
		{EE892EF9-52D8-4A50-9A5D-33ADE26A6537} = {AD7BFB69-E21E-4DA0-B939-4629511DD2D8}
		{2BA4B57D-04E5-4C66-B35A-F3CD4611BA5A} = {C992E07C-085B-4727-BA2F-F45A68875CED}
		{7DBD629B-6EA0-479F-8C52-BB7C576E21DE} = {C992E07C-085B-4727-BA2F-F45A68875CED}
		{4A535CF8-1D32-4A27-B864-0FCC9DD5DF82} = {BF40971D-41B0-454B-B8EE-C88338BADF1F}
		{89CAEFF5-FD34-4645-B102-504C98BBF519} = {BF40971D-41B0-454B-B8EE-C88338BADF1F}
		{E434F3AB-1013-4344-B5F6-03F6CAB0F2C8} = {C992E07C-085B-4727-BA2F-F45A68875CED}
		{3EC3AF7A-7691-4474-AEC0-0EF1323F6970} = {BF40971D-41B0-454B-B8EE-C88338BADF1F}
		{F568DB32-FE5F-4995-A938-9C3AC17A89BD} = {B6D0337B-39BA-4FAD-9143-8BC56750E7FE}
	EndGlobalSection
EndGlobal
